// !$*UTF8*$!
{
	archiveVersion = 1;
	classes = {
	};
	objectVersion = 56;
	objects = {

/* Begin PBXBuildFile section */
		341427782AA7A6290035D613 /* PaxOSLuaApp.swift in Sources */ = {isa = PBXBuildFile; fileRef = 341427772AA7A6290035D613 /* PaxOSLuaApp.swift */; };
		3414277A2AA7A6290035D613 /* ContentView.swift in Sources */ = {isa = PBXBuildFile; fileRef = 341427792AA7A6290035D613 /* ContentView.swift */; };
		3414277C2AA7A62B0035D613 /* Assets.xcassets in Resources */ = {isa = PBXBuildFile; fileRef = 3414277B2AA7A62B0035D613 /* Assets.xcassets */; };
		3414277F2AA7A62B0035D613 /* Preview Assets.xcassets in Resources */ = {isa = PBXBuildFile; fileRef = 3414277E2AA7A62B0035D613 /* Preview Assets.xcassets */; };
		3414278A2AA7A62B0035D613 /* PaxOSLuaTests.swift in Sources */ = {isa = PBXBuildFile; fileRef = 341427892AA7A62B0035D613 /* PaxOSLuaTests.swift */; };
		341427942AA7A62B0035D613 /* PaxOSLuaUITests.swift in Sources */ = {isa = PBXBuildFile; fileRef = 341427932AA7A62B0035D613 /* PaxOSLuaUITests.swift */; };
		341427962AA7A62B0035D613 /* PaxOSLuaUITestsLaunchTests.swift in Sources */ = {isa = PBXBuildFile; fileRef = 341427952AA7A62B0035D613 /* PaxOSLuaUITestsLaunchTests.swift */; };
/* End PBXBuildFile section */

/* Begin PBXContainerItemProxy section */
		341427862AA7A62B0035D613 /* PBXContainerItemProxy */ = {
			isa = PBXContainerItemProxy;
			containerPortal = 3414276C2AA7A6290035D613 /* Project object */;
			proxyType = 1;
			remoteGlobalIDString = 341427732AA7A6290035D613;
			remoteInfo = PaxOSLua;
		};
		341427902AA7A62B0035D613 /* PBXContainerItemProxy */ = {
			isa = PBXContainerItemProxy;
			containerPortal = 3414276C2AA7A6290035D613 /* Project object */;
			proxyType = 1;
			remoteGlobalIDString = 341427732AA7A6290035D613;
			remoteInfo = PaxOSLua;
		};
/* End PBXContainerItemProxy section */

/* Begin PBXFileReference section */
		341427742AA7A6290035D613 /* PaxOSLua.app */ = {isa = PBXFileReference; explicitFileType = wrapper.application; includeInIndex = 0; path = PaxOSLua.app; sourceTree = BUILT_PRODUCTS_DIR; };
		341427772AA7A6290035D613 /* PaxOSLuaApp.swift */ = {isa = PBXFileReference; lastKnownFileType = sourcecode.swift; path = PaxOSLuaApp.swift; sourceTree = "<group>"; };
		341427792AA7A6290035D613 /* ContentView.swift */ = {isa = PBXFileReference; lastKnownFileType = sourcecode.swift; path = ContentView.swift; sourceTree = "<group>"; };
		3414277B2AA7A62B0035D613 /* Assets.xcassets */ = {isa = PBXFileReference; lastKnownFileType = folder.assetcatalog; path = Assets.xcassets; sourceTree = "<group>"; };
		3414277E2AA7A62B0035D613 /* Preview Assets.xcassets */ = {isa = PBXFileReference; lastKnownFileType = folder.assetcatalog; path = "Preview Assets.xcassets"; sourceTree = "<group>"; };
		341427802AA7A62B0035D613 /* PaxOSLua.entitlements */ = {isa = PBXFileReference; lastKnownFileType = text.plist.entitlements; path = PaxOSLua.entitlements; sourceTree = "<group>"; };
		341427852AA7A62B0035D613 /* PaxOSLuaTests.xctest */ = {isa = PBXFileReference; explicitFileType = wrapper.cfbundle; includeInIndex = 0; path = PaxOSLuaTests.xctest; sourceTree = BUILT_PRODUCTS_DIR; };
		341427892AA7A62B0035D613 /* PaxOSLuaTests.swift */ = {isa = PBXFileReference; lastKnownFileType = sourcecode.swift; path = PaxOSLuaTests.swift; sourceTree = "<group>"; };
		3414278F2AA7A62B0035D613 /* PaxOSLuaUITests.xctest */ = {isa = PBXFileReference; explicitFileType = wrapper.cfbundle; includeInIndex = 0; path = PaxOSLuaUITests.xctest; sourceTree = BUILT_PRODUCTS_DIR; };
		341427932AA7A62B0035D613 /* PaxOSLuaUITests.swift */ = {isa = PBXFileReference; lastKnownFileType = sourcecode.swift; path = PaxOSLuaUITests.swift; sourceTree = "<group>"; };
		341427952AA7A62B0035D613 /* PaxOSLuaUITestsLaunchTests.swift */ = {isa = PBXFileReference; lastKnownFileType = sourcecode.swift; path = PaxOSLuaUITestsLaunchTests.swift; sourceTree = "<group>"; };
/* End PBXFileReference section */

/* Begin PBXFrameworksBuildPhase section */
		341427712AA7A6290035D613 /* Frameworks */ = {
			isa = PBXFrameworksBuildPhase;
			buildActionMask = 2147483647;
			files = (
			);
			runOnlyForDeploymentPostprocessing = 0;
		};
		341427822AA7A62B0035D613 /* Frameworks */ = {
			isa = PBXFrameworksBuildPhase;
			buildActionMask = 2147483647;
			files = (
			);
			runOnlyForDeploymentPostprocessing = 0;
		};
		3414278C2AA7A62B0035D613 /* Frameworks */ = {
			isa = PBXFrameworksBuildPhase;
			buildActionMask = 2147483647;
			files = (
			);
			runOnlyForDeploymentPostprocessing = 0;
		};
/* End PBXFrameworksBuildPhase section */

/* Begin PBXGroup section */
		3414276B2AA7A6290035D613 = {
			isa = PBXGroup;
			children = (
				341427762AA7A6290035D613 /* PaxOSLua */,
				341427882AA7A62B0035D613 /* PaxOSLuaTests */,
				341427922AA7A62B0035D613 /* PaxOSLuaUITests */,
				341427752AA7A6290035D613 /* Products */,
			);
			sourceTree = "<group>";
		};
		341427752AA7A6290035D613 /* Products */ = {
			isa = PBXGroup;
			children = (
				341427742AA7A6290035D613 /* PaxOSLua.app */,
				341427852AA7A62B0035D613 /* PaxOSLuaTests.xctest */,
				3414278F2AA7A62B0035D613 /* PaxOSLuaUITests.xctest */,
			);
			name = Products;
			sourceTree = "<group>";
		};
		341427762AA7A6290035D613 /* PaxOSLua */ = {
			isa = PBXGroup;
			children = (
				341427772AA7A6290035D613 /* PaxOSLuaApp.swift */,
				341427792AA7A6290035D613 /* ContentView.swift */,
				3414277B2AA7A62B0035D613 /* Assets.xcassets */,
				341427802AA7A62B0035D613 /* PaxOSLua.entitlements */,
				3414277D2AA7A62B0035D613 /* Preview Content */,
			);
			path = PaxOSLua;
			sourceTree = "<group>";
		};
		3414277D2AA7A62B0035D613 /* Preview Content */ = {
			isa = PBXGroup;
			children = (
				3414277E2AA7A62B0035D613 /* Preview Assets.xcassets */,
			);
			path = "Preview Content";
			sourceTree = "<group>";
		};
		341427882AA7A62B0035D613 /* PaxOSLuaTests */ = {
			isa = PBXGroup;
			children = (
				341427892AA7A62B0035D613 /* PaxOSLuaTests.swift */,
			);
			path = PaxOSLuaTests;
			sourceTree = "<group>";
		};
		341427922AA7A62B0035D613 /* PaxOSLuaUITests */ = {
			isa = PBXGroup;
			children = (
				341427932AA7A62B0035D613 /* PaxOSLuaUITests.swift */,
				341427952AA7A62B0035D613 /* PaxOSLuaUITestsLaunchTests.swift */,
			);
			path = PaxOSLuaUITests;
			sourceTree = "<group>";
		};
/* End PBXGroup section */

/* Begin PBXNativeTarget section */
		341427732AA7A6290035D613 /* PaxOSLua */ = {
			isa = PBXNativeTarget;
			buildConfigurationList = 341427992AA7A62B0035D613 /* Build configuration list for PBXNativeTarget "PaxOSLua" */;
			buildPhases = (
				341427702AA7A6290035D613 /* Sources */,
				341427712AA7A6290035D613 /* Frameworks */,
				341427722AA7A6290035D613 /* Resources */,
			);
			buildRules = (
			);
			dependencies = (
			);
			name = PaxOSLua;
			productName = PaxOSLua;
			productReference = 341427742AA7A6290035D613 /* PaxOSLua.app */;
			productType = "com.apple.product-type.application";
		};
		341427842AA7A62B0035D613 /* PaxOSLuaTests */ = {
			isa = PBXNativeTarget;
			buildConfigurationList = 3414279C2AA7A62B0035D613 /* Build configuration list for PBXNativeTarget "PaxOSLuaTests" */;
			buildPhases = (
				341427812AA7A62B0035D613 /* Sources */,
				341427822AA7A62B0035D613 /* Frameworks */,
				341427832AA7A62B0035D613 /* Resources */,
			);
			buildRules = (
			);
			dependencies = (
				341427872AA7A62B0035D613 /* PBXTargetDependency */,
			);
			name = PaxOSLuaTests;
			productName = PaxOSLuaTests;
			productReference = 341427852AA7A62B0035D613 /* PaxOSLuaTests.xctest */;
			productType = "com.apple.product-type.bundle.unit-test";
		};
		3414278E2AA7A62B0035D613 /* PaxOSLuaUITests */ = {
			isa = PBXNativeTarget;
			buildConfigurationList = 3414279F2AA7A62B0035D613 /* Build configuration list for PBXNativeTarget "PaxOSLuaUITests" */;
			buildPhases = (
				3414278B2AA7A62B0035D613 /* Sources */,
				3414278C2AA7A62B0035D613 /* Frameworks */,
				3414278D2AA7A62B0035D613 /* Resources */,
			);
			buildRules = (
			);
			dependencies = (
				341427912AA7A62B0035D613 /* PBXTargetDependency */,
			);
			name = PaxOSLuaUITests;
			productName = PaxOSLuaUITests;
			productReference = 3414278F2AA7A62B0035D613 /* PaxOSLuaUITests.xctest */;
			productType = "com.apple.product-type.bundle.ui-testing";
		};
/* End PBXNativeTarget section */

/* Begin PBXProject section */
		3414276C2AA7A6290035D613 /* Project object */ = {
			isa = PBXProject;
			attributes = {
				BuildIndependentTargetsInParallel = 1;
				LastSwiftUpdateCheck = 1500;
				LastUpgradeCheck = 1500;
				TargetAttributes = {
					341427732AA7A6290035D613 = {
						CreatedOnToolsVersion = 15.0;
					};
					341427842AA7A62B0035D613 = {
						CreatedOnToolsVersion = 15.0;
						TestTargetID = 341427732AA7A6290035D613;
					};
					3414278E2AA7A62B0035D613 = {
						CreatedOnToolsVersion = 15.0;
						TestTargetID = 341427732AA7A6290035D613;
					};
				};
			};
			buildConfigurationList = 3414276F2AA7A6290035D613 /* Build configuration list for PBXProject "PaxOSLua" */;
			compatibilityVersion = "Xcode 14.0";
			developmentRegion = en;
			hasScannedForEncodings = 0;
			knownRegions = (
				en,
				Base,
			);
			mainGroup = 3414276B2AA7A6290035D613;
			productRefGroup = 341427752AA7A6290035D613 /* Products */;
			projectDirPath = "";
			projectRoot = "";
			targets = (
				341427732AA7A6290035D613 /* PaxOSLua */,
				341427842AA7A62B0035D613 /* PaxOSLuaTests */,
				3414278E2AA7A62B0035D613 /* PaxOSLuaUITests */,
			);
		};
/* End PBXProject section */

/* Begin PBXResourcesBuildPhase section */
		341427722AA7A6290035D613 /* Resources */ = {
			isa = PBXResourcesBuildPhase;
			buildActionMask = 2147483647;
			files = (
				3414277F2AA7A62B0035D613 /* Preview Assets.xcassets in Resources */,
				3414277C2AA7A62B0035D613 /* Assets.xcassets in Resources */,
			);
			runOnlyForDeploymentPostprocessing = 0;
		};
		341427832AA7A62B0035D613 /* Resources */ = {
			isa = PBXResourcesBuildPhase;
			buildActionMask = 2147483647;
			files = (
			);
			runOnlyForDeploymentPostprocessing = 0;
		};
		3414278D2AA7A62B0035D613 /* Resources */ = {
			isa = PBXResourcesBuildPhase;
			buildActionMask = 2147483647;
			files = (
			);
			runOnlyForDeploymentPostprocessing = 0;
		};
/* End PBXResourcesBuildPhase section */

/* Begin PBXSourcesBuildPhase section */
		341427702AA7A6290035D613 /* Sources */ = {
			isa = PBXSourcesBuildPhase;
			buildActionMask = 2147483647;
			files = (
				3414277A2AA7A6290035D613 /* ContentView.swift in Sources */,
				341427782AA7A6290035D613 /* PaxOSLuaApp.swift in Sources */,
			);
			runOnlyForDeploymentPostprocessing = 0;
		};
		341427812AA7A62B0035D613 /* Sources */ = {
			isa = PBXSourcesBuildPhase;
			buildActionMask = 2147483647;
			files = (
				3414278A2AA7A62B0035D613 /* PaxOSLuaTests.swift in Sources */,
			);
			runOnlyForDeploymentPostprocessing = 0;
		};
		3414278B2AA7A62B0035D613 /* Sources */ = {
			isa = PBXSourcesBuildPhase;
			buildActionMask = 2147483647;
			files = (
				341427962AA7A62B0035D613 /* PaxOSLuaUITestsLaunchTests.swift in Sources */,
				341427942AA7A62B0035D613 /* PaxOSLuaUITests.swift in Sources */,
			);
			runOnlyForDeploymentPostprocessing = 0;
		};
/* End PBXSourcesBuildPhase section */

/* Begin PBXTargetDependency section */
		341427872AA7A62B0035D613 /* PBXTargetDependency */ = {
			isa = PBXTargetDependency;
			target = 341427732AA7A6290035D613 /* PaxOSLua */;
			targetProxy = 341427862AA7A62B0035D613 /* PBXContainerItemProxy */;
		};
		341427912AA7A62B0035D613 /* PBXTargetDependency */ = {
			isa = PBXTargetDependency;
			target = 341427732AA7A6290035D613 /* PaxOSLua */;
			targetProxy = 341427902AA7A62B0035D613 /* PBXContainerItemProxy */;
		};
/* End PBXTargetDependency section */

/* Begin XCBuildConfiguration section */
		341427972AA7A62B0035D613 /* Debug */ = {
			isa = XCBuildConfiguration;
			buildSettings = {
				ALWAYS_SEARCH_USER_PATHS = NO;
				ASSETCATALOG_COMPILER_GENERATE_SWIFT_ASSET_SYMBOL_EXTENSIONS = YES;
				CLANG_ANALYZER_NONNULL = YES;
				CLANG_ANALYZER_NUMBER_OBJECT_CONVERSION = YES_AGGRESSIVE;
				CLANG_CXX_LANGUAGE_STANDARD = "gnu++20";
				CLANG_ENABLE_MODULES = YES;
				CLANG_ENABLE_OBJC_ARC = YES;
				CLANG_ENABLE_OBJC_WEAK = YES;
				CLANG_WARN_BLOCK_CAPTURE_AUTORELEASING = YES;
				CLANG_WARN_BOOL_CONVERSION = YES;
				CLANG_WARN_COMMA = YES;
				CLANG_WARN_CONSTANT_CONVERSION = YES;
				CLANG_WARN_DEPRECATED_OBJC_IMPLEMENTATIONS = YES;
				CLANG_WARN_DIRECT_OBJC_ISA_USAGE = YES_ERROR;
				CLANG_WARN_DOCUMENTATION_COMMENTS = YES;
				CLANG_WARN_EMPTY_BODY = YES;
				CLANG_WARN_ENUM_CONVERSION = YES;
				CLANG_WARN_INFINITE_RECURSION = YES;
				CLANG_WARN_INT_CONVERSION = YES;
				CLANG_WARN_NON_LITERAL_NULL_CONVERSION = YES;
				CLANG_WARN_OBJC_IMPLICIT_RETAIN_SELF = YES;
				CLANG_WARN_OBJC_LITERAL_CONVERSION = YES;
				CLANG_WARN_OBJC_ROOT_CLASS = YES_ERROR;
				CLANG_WARN_QUOTED_INCLUDE_IN_FRAMEWORK_HEADER = YES;
				CLANG_WARN_RANGE_LOOP_ANALYSIS = YES;
				CLANG_WARN_STRICT_PROTOTYPES = YES;
				CLANG_WARN_SUSPICIOUS_MOVE = YES;
				CLANG_WARN_UNGUARDED_AVAILABILITY = YES_AGGRESSIVE;
				CLANG_WARN_UNREACHABLE_CODE = YES;
				CLANG_WARN__DUPLICATE_METHOD_MATCH = YES;
				COPY_PHASE_STRIP = NO;
				DEBUG_INFORMATION_FORMAT = dwarf;
				ENABLE_STRICT_OBJC_MSGSEND = YES;
				ENABLE_TESTABILITY = YES;
				ENABLE_USER_SCRIPT_SANDBOXING = YES;
				GCC_C_LANGUAGE_STANDARD = gnu17;
				GCC_DYNAMIC_NO_PIC = NO;
				GCC_NO_COMMON_BLOCKS = YES;
				GCC_OPTIMIZATION_LEVEL = 0;
				GCC_PREPROCESSOR_DEFINITIONS = (
					"DEBUG=1",
					"$(inherited)",
				);
				GCC_WARN_64_TO_32_BIT_CONVERSION = YES;
				GCC_WARN_ABOUT_RETURN_TYPE = YES_ERROR;
				GCC_WARN_UNDECLARED_SELECTOR = YES;
				GCC_WARN_UNINITIALIZED_AUTOS = YES_AGGRESSIVE;
				GCC_WARN_UNUSED_FUNCTION = YES;
				GCC_WARN_UNUSED_VARIABLE = YES;
				LOCALIZATION_PREFERS_STRING_CATALOGS = YES;
				MACOSX_DEPLOYMENT_TARGET = 14.0;
				MTL_ENABLE_DEBUG_INFO = INCLUDE_SOURCE;
				MTL_FAST_MATH = YES;
				ONLY_ACTIVE_ARCH = YES;
				SDKROOT = macosx;
				SWIFT_ACTIVE_COMPILATION_CONDITIONS = "DEBUG $(inherited)";
				SWIFT_OPTIMIZATION_LEVEL = "-Onone";
			};
			name = Debug;
		};
		341427982AA7A62B0035D613 /* Release */ = {
			isa = XCBuildConfiguration;
			buildSettings = {
				ALWAYS_SEARCH_USER_PATHS = NO;
				ASSETCATALOG_COMPILER_GENERATE_SWIFT_ASSET_SYMBOL_EXTENSIONS = YES;
				CLANG_ANALYZER_NONNULL = YES;
				CLANG_ANALYZER_NUMBER_OBJECT_CONVERSION = YES_AGGRESSIVE;
				CLANG_CXX_LANGUAGE_STANDARD = "gnu++20";
				CLANG_ENABLE_MODULES = YES;
				CLANG_ENABLE_OBJC_ARC = YES;
				CLANG_ENABLE_OBJC_WEAK = YES;
				CLANG_WARN_BLOCK_CAPTURE_AUTORELEASING = YES;
				CLANG_WARN_BOOL_CONVERSION = YES;
				CLANG_WARN_COMMA = YES;
				CLANG_WARN_CONSTANT_CONVERSION = YES;
				CLANG_WARN_DEPRECATED_OBJC_IMPLEMENTATIONS = YES;
				CLANG_WARN_DIRECT_OBJC_ISA_USAGE = YES_ERROR;
				CLANG_WARN_DOCUMENTATION_COMMENTS = YES;
				CLANG_WARN_EMPTY_BODY = YES;
				CLANG_WARN_ENUM_CONVERSION = YES;
				CLANG_WARN_INFINITE_RECURSION = YES;
				CLANG_WARN_INT_CONVERSION = YES;
				CLANG_WARN_NON_LITERAL_NULL_CONVERSION = YES;
				CLANG_WARN_OBJC_IMPLICIT_RETAIN_SELF = YES;
				CLANG_WARN_OBJC_LITERAL_CONVERSION = YES;
				CLANG_WARN_OBJC_ROOT_CLASS = YES_ERROR;
				CLANG_WARN_QUOTED_INCLUDE_IN_FRAMEWORK_HEADER = YES;
				CLANG_WARN_RANGE_LOOP_ANALYSIS = YES;
				CLANG_WARN_STRICT_PROTOTYPES = YES;
				CLANG_WARN_SUSPICIOUS_MOVE = YES;
				CLANG_WARN_UNGUARDED_AVAILABILITY = YES_AGGRESSIVE;
				CLANG_WARN_UNREACHABLE_CODE = YES;
				CLANG_WARN__DUPLICATE_METHOD_MATCH = YES;
				COPY_PHASE_STRIP = NO;
				DEBUG_INFORMATION_FORMAT = "dwarf-with-dsym";
				ENABLE_NS_ASSERTIONS = NO;
				ENABLE_STRICT_OBJC_MSGSEND = YES;
				ENABLE_USER_SCRIPT_SANDBOXING = YES;
				GCC_C_LANGUAGE_STANDARD = gnu17;
				GCC_NO_COMMON_BLOCKS = YES;
				GCC_WARN_64_TO_32_BIT_CONVERSION = YES;
				GCC_WARN_ABOUT_RETURN_TYPE = YES_ERROR;
				GCC_WARN_UNDECLARED_SELECTOR = YES;
				GCC_WARN_UNINITIALIZED_AUTOS = YES_AGGRESSIVE;
				GCC_WARN_UNUSED_FUNCTION = YES;
				GCC_WARN_UNUSED_VARIABLE = YES;
				LOCALIZATION_PREFERS_STRING_CATALOGS = YES;
				MACOSX_DEPLOYMENT_TARGET = 14.0;
				MTL_ENABLE_DEBUG_INFO = NO;
				MTL_FAST_MATH = YES;
				SDKROOT = macosx;
				SWIFT_COMPILATION_MODE = wholemodule;
			};
			name = Release;
		};
		3414279A2AA7A62B0035D613 /* Debug */ = {
			isa = XCBuildConfiguration;
			buildSettings = {
				ASSETCATALOG_COMPILER_APPICON_NAME = AppIcon;
				ASSETCATALOG_COMPILER_GLOBAL_ACCENT_COLOR_NAME = AccentColor;
				CODE_SIGN_ENTITLEMENTS = PaxOSLua/PaxOSLua.entitlements;
				CODE_SIGN_STYLE = Automatic;
				COMBINE_HIDPI_IMAGES = YES;
				CURRENT_PROJECT_VERSION = 1;
				DEVELOPMENT_ASSET_PATHS = "\"PaxOSLua/Preview Content\"";
				DEVELOPMENT_TEAM = QDH78FDX85;
				ENABLE_HARDENED_RUNTIME = YES;
				ENABLE_PREVIEWS = YES;
				GENERATE_INFOPLIST_FILE = YES;
				INFOPLIST_KEY_NSHumanReadableCopyright = "";
				LD_RUNPATH_SEARCH_PATHS = (
					"$(inherited)",
					"@executable_path/../Frameworks",
				);
				MARKETING_VERSION = 1.0;
				PRODUCT_BUNDLE_IDENTIFIER = "Antoine-Bollengier.PaxOSLua";
				PRODUCT_NAME = "$(TARGET_NAME)";
				SWIFT_EMIT_LOC_STRINGS = YES;
				SWIFT_VERSION = 5.0;
			};
			name = Debug;
		};
		3414279B2AA7A62B0035D613 /* Release */ = {
			isa = XCBuildConfiguration;
			buildSettings = {
				ASSETCATALOG_COMPILER_APPICON_NAME = AppIcon;
				ASSETCATALOG_COMPILER_GLOBAL_ACCENT_COLOR_NAME = AccentColor;
				CODE_SIGN_ENTITLEMENTS = PaxOSLua/PaxOSLua.entitlements;
				CODE_SIGN_STYLE = Automatic;
				COMBINE_HIDPI_IMAGES = YES;
				CURRENT_PROJECT_VERSION = 1;
				DEVELOPMENT_ASSET_PATHS = "\"PaxOSLua/Preview Content\"";
				DEVELOPMENT_TEAM = QDH78FDX85;
				ENABLE_HARDENED_RUNTIME = YES;
				ENABLE_PREVIEWS = YES;
				GENERATE_INFOPLIST_FILE = YES;
				INFOPLIST_KEY_NSHumanReadableCopyright = "";
				LD_RUNPATH_SEARCH_PATHS = (
					"$(inherited)",
					"@executable_path/../Frameworks",
				);
				MARKETING_VERSION = 1.0;
				PRODUCT_BUNDLE_IDENTIFIER = "Antoine-Bollengier.PaxOSLua";
				PRODUCT_NAME = "$(TARGET_NAME)";
				SWIFT_EMIT_LOC_STRINGS = YES;
				SWIFT_VERSION = 5.0;
			};
			name = Release;
		};
		3414279D2AA7A62B0035D613 /* Debug */ = {
			isa = XCBuildConfiguration;
			buildSettings = {
				ALWAYS_EMBED_SWIFT_STANDARD_LIBRARIES = YES;
				BUNDLE_LOADER = "$(TEST_HOST)";
				CODE_SIGN_STYLE = Automatic;
				CURRENT_PROJECT_VERSION = 1;
				DEVELOPMENT_TEAM = QDH78FDX85;
				GENERATE_INFOPLIST_FILE = YES;
				MACOSX_DEPLOYMENT_TARGET = 14.0;
				MARKETING_VERSION = 1.0;
				PRODUCT_BUNDLE_IDENTIFIER = "Antoine-Bollengier.PaxOSLuaTests";
				PRODUCT_NAME = "$(TARGET_NAME)";
				SWIFT_EMIT_LOC_STRINGS = NO;
				SWIFT_VERSION = 5.0;
				TEST_HOST = "$(BUILT_PRODUCTS_DIR)/PaxOSLua.app/$(BUNDLE_EXECUTABLE_FOLDER_PATH)/PaxOSLua";
			};
			name = Debug;
		};
		3414279E2AA7A62B0035D613 /* Release */ = {
			isa = XCBuildConfiguration;
			buildSettings = {
				ALWAYS_EMBED_SWIFT_STANDARD_LIBRARIES = YES;
				BUNDLE_LOADER = "$(TEST_HOST)";
				CODE_SIGN_STYLE = Automatic;
				CURRENT_PROJECT_VERSION = 1;
				DEVELOPMENT_TEAM = QDH78FDX85;
				GENERATE_INFOPLIST_FILE = YES;
				MACOSX_DEPLOYMENT_TARGET = 14.0;
				MARKETING_VERSION = 1.0;
				PRODUCT_BUNDLE_IDENTIFIER = "Antoine-Bollengier.PaxOSLuaTests";
				PRODUCT_NAME = "$(TARGET_NAME)";
				SWIFT_EMIT_LOC_STRINGS = NO;
				SWIFT_VERSION = 5.0;
				TEST_HOST = "$(BUILT_PRODUCTS_DIR)/PaxOSLua.app/$(BUNDLE_EXECUTABLE_FOLDER_PATH)/PaxOSLua";
			};
			name = Release;
		};
		341427A02AA7A62B0035D613 /* Debug */ = {
			isa = XCBuildConfiguration;
			buildSettings = {
				ALWAYS_EMBED_SWIFT_STANDARD_LIBRARIES = YES;
				CODE_SIGN_STYLE = Automatic;
				CURRENT_PROJECT_VERSION = 1;
				DEVELOPMENT_TEAM = QDH78FDX85;
				GENERATE_INFOPLIST_FILE = YES;
				MARKETING_VERSION = 1.0;
				PRODUCT_BUNDLE_IDENTIFIER = "Antoine-Bollengier.PaxOSLuaUITests";
				PRODUCT_NAME = "$(TARGET_NAME)";
				SWIFT_EMIT_LOC_STRINGS = NO;
				SWIFT_VERSION = 5.0;
				TEST_TARGET_NAME = PaxOSLua;
			};
			name = Debug;
		};
		341427A12AA7A62B0035D613 /* Release */ = {
			isa = XCBuildConfiguration;
			buildSettings = {
				ALWAYS_EMBED_SWIFT_STANDARD_LIBRARIES = YES;
				CODE_SIGN_STYLE = Automatic;
				CURRENT_PROJECT_VERSION = 1;
				DEVELOPMENT_TEAM = QDH78FDX85;
				GENERATE_INFOPLIST_FILE = YES;
				MARKETING_VERSION = 1.0;
				PRODUCT_BUNDLE_IDENTIFIER = "Antoine-Bollengier.PaxOSLuaUITests";
				PRODUCT_NAME = "$(TARGET_NAME)";
				SWIFT_EMIT_LOC_STRINGS = NO;
				SWIFT_VERSION = 5.0;
				TEST_TARGET_NAME = PaxOSLua;
			};
			name = Release;
		};
/* End XCBuildConfiguration section */

/* Begin XCConfigurationList section */
		3414276F2AA7A6290035D613 /* Build configuration list for PBXProject "PaxOSLua" */ = {
			isa = XCConfigurationList;
			buildConfigurations = (
				341427972AA7A62B0035D613 /* Debug */,
				341427982AA7A62B0035D613 /* Release */,
			);
			defaultConfigurationIsVisible = 0;
			defaultConfigurationName = Release;
		};
		341427992AA7A62B0035D613 /* Build configuration list for PBXNativeTarget "PaxOSLua" */ = {
			isa = XCConfigurationList;
			buildConfigurations = (
				3414279A2AA7A62B0035D613 /* Debug */,
				3414279B2AA7A62B0035D613 /* Release */,
			);
			defaultConfigurationIsVisible = 0;
			defaultConfigurationName = Release;
		};
		3414279C2AA7A62B0035D613 /* Build configuration list for PBXNativeTarget "PaxOSLuaTests" */ = {
			isa = XCConfigurationList;
			buildConfigurations = (
				3414279D2AA7A62B0035D613 /* Debug */,
				3414279E2AA7A62B0035D613 /* Release */,
			);
			defaultConfigurationIsVisible = 0;
			defaultConfigurationName = Release;
		};
		3414279F2AA7A62B0035D613 /* Build configuration list for PBXNativeTarget "PaxOSLuaUITests" */ = {
			isa = XCConfigurationList;
			buildConfigurations = (
				341427A02AA7A62B0035D613 /* Debug */,
				341427A12AA7A62B0035D613 /* Release */,
			);
			defaultConfigurationIsVisible = 0;
			defaultConfigurationName = Release;
		};
/* End XCConfigurationList section */
	};
	rootObject = 3414276C2AA7A6290035D613 /* Project object */;
}
